
Microsoft Visual Studio Solution File, Format Version 12.00
# Visual Studio Version 17
VisualStudioVersion = 17.14.36915.13
MinimumVisualStudioVersion = 10.0.40219.1
Project("{8BC9CEB8-8B4A-11D0-8D11-00A0C91BC942}") = "GSViewer", "GSViewer\GSViewer.vcxproj", "{92539E2F-B9C3-4106-9141-A4EB714BA981}"
EndProject
Global
	GlobalSection(SolutionConfigurationPlatforms) = preSolution
		Debug|x64 = Debug|x64
		Debug|x86 = Debug|x86
		Release|x64 = Release|x64
		Release|x86 = Release|x86
	EndGlobalSection
	GlobalSection(ProjectConfigurationPlatforms) = postSolution
		{92539E2F-B9C3-4106-9141-A4EB714BA981}.Debug|x64.ActiveCfg = Debug|x64
		{92539E2F-B9C3-4106-9141-A4EB714BA981}.Debug|x64.Build.0 = Debug|x64
		{92539E2F-B9C3-4106-9141-A4EB714BA981}.Debug|x86.ActiveCfg = Debug|Win32
		{92539E2F-B9C3-4106-9141-A4EB714BA981}.Debug|x86.Build.0 = Debug|Win32
		{92539E2F-B9C3-4106-9141-A4EB714BA981}.Release|x64.ActiveCfg = Release|x64
		{92539E2F-B9C3-4106-9141-A4EB714BA981}.Release|x64.Build.0 = Release|x64
		{92539E2F-B9C3-4106-9141-A4EB714BA981}.Release|x86.ActiveCfg = Release|Win32
		{92539E2F-B9C3-4106-9141-A4EB714BA981}.Release|x86.Build.0 = Release|Win32
	EndGlobalSection
	GlobalSection(SolutionProperties) = preSolution
		HideSolutionNode = FALSE
	EndGlobalSection
	GlobalSection(ExtensibilityGlobals) = postSolution
		SolutionGuid = {AB0E9EA5-8BEB-4260-90AE-C23ED16F5E3F}
	EndGlobalSection
EndGlobal
